Microsoft Visual Studio Solution File, Format Version 12.00
# Visual Studio Version 17
VisualStudioVersion = 17.5.2.0
MinimumVisualStudioVersion = 10.0.40219.1
Project("{FAE04EC0-301F-11D3-BF4B-00C04F79EFBC}") = "YD_RevitTools.LicenseManager", "YD_RevitTools.LicenseManager.csproj", "{42F7C29D-8FD2-7912-24CF-A35A882891DF}"
EndProject
Global
	GlobalSection(SolutionConfigurationPlatforms) = preSolution
		Debug|Any CPU = Debug|Any CPU
		Release|Any CPU = Release|Any CPU
	EndGlobalSection
	GlobalSection(ProjectConfigurationPlatforms) = postSolution
		{42F7C29D-8FD2-7912-24CF-A35A882891DF}.Debug|Any CPU.ActiveCfg = Debug|Any CPU
		{42F7C29D-8FD2-7912-24CF-A35A882891DF}.Debug|Any CPU.Build.0 = Debug|Any CPU
		{42F7C29D-8FD2-7912-24CF-A35A882891DF}.Release|Any CPU.ActiveCfg = Release|Any CPU
		{42F7C29D-8FD2-7912-24CF-A35A882891DF}.Release|Any CPU.Build.0 = Release|Any CPU
	EndGlobalSection
	GlobalSection(SolutionProperties) = preSolution
		HideSolutionNode = FALSE
	EndGlobalSection
	GlobalSection(ExtensibilityGlobals) = postSolution
		SolutionGuid = {04AE628C-9B83-445F-B2DD-58647DB1E931}
	EndGlobalSection
EndGlobal
